github.com/BurntSushi/toml v0.3.1 h1:WXkYYl6Yr3qBf1K79EBnL4mak0OimBfB0XUf9Vl28OQ=
github.com/BurntSushi/toml v0.3.1/go.mod h1:xHWCNGjB5oqiDr8zfno3MHue2Ht5sIBksp03qcyfWMU=
github.com/Nartikov/goserv v0.0.0-20191216172938-4aab6e0828db h1:br9r6aSWL8uepb5zZjuh7vJvxgzv6sQ2LM2z1vodOqI=
github.com/Nartikov/goserv v0.0.0-20191216172938-4aab6e0828db/go.mod h1:/3akCcmFp/joa8PIlOmYbiEcdXfnLfer1M5qZKuCxjI=
